
Microsoft Visual Studio Solution File, Format Version 12.00
# Visual Studio Version 17
Project("{2150E333-8FDC-42A3-9474-1A3956D46DE8}") = "CMakePredefinedTargets", "CMakePredefinedTargets", "{0A630BC9-FB82-3269-8501-04252F73E139}"
EndProject
Project("{8BC9CEB8-8B4A-11D0-8D11-00A0C91BC942}") = "NewModule", "NewModule.vcxproj", "{9CADD99E-BCCC-327F-9003-064F18E3675E}"
	ProjectSection(ProjectDependencies) = postProject
		{30C3BD20-2B76-309C-985E-7FD8E48A2CA8} = {30C3BD20-2B76-309C-985E-7FD8E48A2CA8}
	EndProjectSection
EndProject
Project("{8BC9CEB8-8B4A-11D0-8D11-00A0C91BC942}") = "ALL_BUILD", "ALL_BUILD.vcxproj", "{A716AD44-24FD-313E-A0BA-291F647B27B2}"
	ProjectSection(ProjectDependencies) = postProject
		{A72AE538-D684-3DE8-B757-AF2F04405C8B} = {A72AE538-D684-3DE8-B757-AF2F04405C8B}
		{F5A99BC6-FA98-328C-97B2-0EB70B28D3C9} = {F5A99BC6-FA98-328C-97B2-0EB70B28D3C9}
		{9CADD99E-BCCC-327F-9003-064F18E3675E} = {9CADD99E-BCCC-327F-9003-064F18E3675E}
		{30C3BD20-2B76-309C-985E-7FD8E48A2CA8} = {30C3BD20-2B76-309C-985E-7FD8E48A2CA8}
	EndProjectSection
EndProject
Project("{8BC9CEB8-8B4A-11D0-8D11-00A0C91BC942}") = "GTest", "gtest\GTest.vcxproj", "{A72AE538-D684-3DE8-B757-AF2F04405C8B}"
	ProjectSection(ProjectDependencies) = postProject
		{F5A99BC6-FA98-328C-97B2-0EB70B28D3C9} = {F5A99BC6-FA98-328C-97B2-0EB70B28D3C9}
		{30C3BD20-2B76-309C-985E-7FD8E48A2CA8} = {30C3BD20-2B76-309C-985E-7FD8E48A2CA8}
	EndProjectSection
EndProject
Project("{8BC9CEB8-8B4A-11D0-8D11-00A0C91BC942}") = "GTest_lib", "gtest\GTest_lib.vcxproj", "{F5A99BC6-FA98-328C-97B2-0EB70B28D3C9}"
	ProjectSection(ProjectDependencies) = postProject
		{30C3BD20-2B76-309C-985E-7FD8E48A2CA8} = {30C3BD20-2B76-309C-985E-7FD8E48A2CA8}
	EndProjectSection
EndProject
Project("{8BC9CEB8-8B4A-11D0-8D11-00A0C91BC942}") = "RUN_TESTS", "RUN_TESTS.vcxproj", "{2F3C0368-6238-3DCD-9162-B5EA6AC9FB05}"
	ProjectSection(ProjectDependencies) = postProject
		{30C3BD20-2B76-309C-985E-7FD8E48A2CA8} = {30C3BD20-2B76-309C-985E-7FD8E48A2CA8}
	EndProjectSection
EndProject
Project("{8BC9CEB8-8B4A-11D0-8D11-00A0C91BC942}") = "ZERO_CHECK", "ZERO_CHECK.vcxproj", "{30C3BD20-2B76-309C-985E-7FD8E48A2CA8}"
	ProjectSection(ProjectDependencies) = postProject
	EndProjectSection
EndProject
Global
	GlobalSection(SolutionConfigurationPlatforms) = preSolution
		Debug|x64 = Debug|x64
		Release|x64 = Release|x64
		MinSizeRel|x64 = MinSizeRel|x64
		RelWithDebInfo|x64 = RelWithDebInfo|x64
	EndGlobalSection
	GlobalSection(ProjectConfigurationPlatforms) = postSolution
		{9CADD99E-BCCC-327F-9003-064F18E3675E}.Debug|x64.ActiveCfg = Debug|x64
		{9CADD99E-BCCC-327F-9003-064F18E3675E}.Debug|x64.Build.0 = Debug|x64
		{9CADD99E-BCCC-327F-9003-064F18E3675E}.Release|x64.ActiveCfg = Release|x64
		{9CADD99E-BCCC-327F-9003-064F18E3675E}.Release|x64.Build.0 = Release|x64
		{9CADD99E-BCCC-327F-9003-064F18E3675E}.MinSizeRel|x64.ActiveCfg = MinSizeRel|x64
		{9CADD99E-BCCC-327F-9003-064F18E3675E}.MinSizeRel|x64.Build.0 = MinSizeRel|x64
		{9CADD99E-BCCC-327F-9003-064F18E3675E}.RelWithDebInfo|x64.ActiveCfg = RelWithDebInfo|x64
		{9CADD99E-BCCC-327F-9003-064F18E3675E}.RelWithDebInfo|x64.Build.0 = RelWithDebInfo|x64
		{A716AD44-24FD-313E-A0BA-291F647B27B2}.Debug|x64.ActiveCfg = Debug|x64
		{A716AD44-24FD-313E-A0BA-291F647B27B2}.Release|x64.ActiveCfg = Release|x64
		{A716AD44-24FD-313E-A0BA-291F647B27B2}.MinSizeRel|x64.ActiveCfg = MinSizeRel|x64
		{A716AD44-24FD-313E-A0BA-291F647B27B2}.RelWithDebInfo|x64.ActiveCfg = RelWithDebInfo|x64
		{A72AE538-D684-3DE8-B757-AF2F04405C8B}.Debug|x64.ActiveCfg = Debug|x64
		{A72AE538-D684-3DE8-B757-AF2F04405C8B}.Debug|x64.Build.0 = Debug|x64
		{A72AE538-D684-3DE8-B757-AF2F04405C8B}.Release|x64.ActiveCfg = Release|x64
		{A72AE538-D684-3DE8-B757-AF2F04405C8B}.Release|x64.Build.0 = Release|x64
		{A72AE538-D684-3DE8-B757-AF2F04405C8B}.MinSizeRel|x64.ActiveCfg = MinSizeRel|x64
		{A72AE538-D684-3DE8-B757-AF2F04405C8B}.MinSizeRel|x64.Build.0 = MinSizeRel|x64
		{A72AE538-D684-3DE8-B757-AF2F04405C8B}.RelWithDebInfo|x64.ActiveCfg = RelWithDebInfo|x64
		{A72AE538-D684-3DE8-B757-AF2F04405C8B}.RelWithDebInfo|x64.Build.0 = RelWithDebInfo|x64
		{F5A99BC6-FA98-328C-97B2-0EB70B28D3C9}.Debug|x64.ActiveCfg = Debug|x64
		{F5A99BC6-FA98-328C-97B2-0EB70B28D3C9}.Debug|x64.Build.0 = Debug|x64
		{F5A99BC6-FA98-328C-97B2-0EB70B28D3C9}.Release|x64.ActiveCfg = Release|x64
		{F5A99BC6-FA98-328C-97B2-0EB70B28D3C9}.Release|x64.Build.0 = Release|x64
		{F5A99BC6-FA98-328C-97B2-0EB70B28D3C9}.MinSizeRel|x64.ActiveCfg = MinSizeRel|x64
		{F5A99BC6-FA98-328C-97B2-0EB70B28D3C9}.MinSizeRel|x64.Build.0 = MinSizeRel|x64
		{F5A99BC6-FA98-328C-97B2-0EB70B28D3C9}.RelWithDebInfo|x64.ActiveCfg = RelWithDebInfo|x64
		{F5A99BC6-FA98-328C-97B2-0EB70B28D3C9}.RelWithDebInfo|x64.Build.0 = RelWithDebInfo|x64
		{2F3C0368-6238-3DCD-9162-B5EA6AC9FB05}.Debug|x64.ActiveCfg = Debug|x64
		{2F3C0368-6238-3DCD-9162-B5EA6AC9FB05}.Release|x64.ActiveCfg = Release|x64
		{2F3C0368-6238-3DCD-9162-B5EA6AC9FB05}.MinSizeRel|x64.ActiveCfg = MinSizeRel|x64
		{2F3C0368-6238-3DCD-9162-B5EA6AC9FB05}.RelWithDebInfo|x64.ActiveCfg = RelWithDebInfo|x64
		{30C3BD20-2B76-309C-985E-7FD8E48A2CA8}.Debug|x64.ActiveCfg = Debug|x64
		{30C3BD20-2B76-309C-985E-7FD8E48A2CA8}.Debug|x64.Build.0 = Debug|x64
		{30C3BD20-2B76-309C-985E-7FD8E48A2CA8}.Release|x64.ActiveCfg = Release|x64
		{30C3BD20-2B76-309C-985E-7FD8E48A2CA8}.Release|x64.Build.0 = Release|x64
		{30C3BD20-2B76-309C-985E-7FD8E48A2CA8}.MinSizeRel|x64.ActiveCfg = MinSizeRel|x64
		{30C3BD20-2B76-309C-985E-7FD8E48A2CA8}.MinSizeRel|x64.Build.0 = MinSizeRel|x64
		{30C3BD20-2B76-309C-985E-7FD8E48A2CA8}.RelWithDebInfo|x64.ActiveCfg = RelWithDebInfo|x64
		{30C3BD20-2B76-309C-985E-7FD8E48A2CA8}.RelWithDebInfo|x64.Build.0 = RelWithDebInfo|x64
	EndGlobalSection
	GlobalSection(NestedProjects) = preSolution
		{A716AD44-24FD-313E-A0BA-291F647B27B2} = {0A630BC9-FB82-3269-8501-04252F73E139}
		{2F3C0368-6238-3DCD-9162-B5EA6AC9FB05} = {0A630BC9-FB82-3269-8501-04252F73E139}
		{30C3BD20-2B76-309C-985E-7FD8E48A2CA8} = {0A630BC9-FB82-3269-8501-04252F73E139}
	EndGlobalSection
	GlobalSection(ExtensibilityGlobals) = postSolution
		SolutionGuid = {2FFAC8F4-942F-3C10-A3D4-4662768459E1}
	EndGlobalSection
	GlobalSection(ExtensibilityAddIns) = postSolution
	EndGlobalSection
EndGlobal
